{
  "name": "bloom",
  "version": "1.0.0",
  "lockfileVersion": 2,
  "requires": true,
  "packages": {
    "": {
      "name": "bloom",
      "version": "1.0.0",
      "license": "ISC",
      "dependencies": {
        "@types/phoenix_live_view": "^0.18.4"
      },
      "devDependencies": {
        "phoenix_live_view": "^0.20.14"
      }
    },
    "node_modules/@types/phoenix": {
      "version": "1.6.4",
      "resolved": "https://registry.npmjs.org/@types/phoenix/-/phoenix-1.6.4.tgz",
      "integrity": "sha512-B34A7uot1Cv0XtaHRYDATltAdKx0BvVKNgYNqE4WjtPUa4VQJM7kxeXcVKaH+KS+kCmZ+6w+QaUdcljiheiBJA=="
    },
    "node_modules/@types/phoenix_live_view": {
      "version": "0.18.4",
      "resolved": "https://registry.npmjs.org/@types/phoenix_live_view/-/phoenix_live_view-0.18.4.tgz",
      "integrity": "sha512-9mq6zRZfCtY8f4Kiu9ca0YodlNoL5kPfz6AO8AMIylftoT59re5+l5BxPISt/NJXyj1S/gRJmwpHgyVsyEk8cg==",
      "dependencies": {
        "@types/phoenix": "*"
      }
    },
    "node_modules/phoenix_live_view": {
      "version": "0.20.14",
      "resolved": "https://registry.npmjs.org/phoenix_live_view/-/phoenix_live_view-0.20.14.tgz",
      "integrity": "sha512-pk7xX1CjUaoHRE47S0Rq+OdrGrXRHrZZQEaNbRNCAbKjSEAJ9o+sYQ+6nZipTJaIbC0lEGMDWxZzyuQ/6yeHsQ==",
      "dev": true
    }
  },
  "dependencies": {
    "@types/phoenix": {
      "version": "1.6.4",
      "resolved": "https://registry.npmjs.org/@types/phoenix/-/phoenix-1.6.4.tgz",
      "integrity": "sha512-B34A7uot1Cv0XtaHRYDATltAdKx0BvVKNgYNqE4WjtPUa4VQJM7kxeXcVKaH+KS+kCmZ+6w+QaUdcljiheiBJA=="
    },
    "@types/phoenix_live_view": {
      "version": "0.18.4",
      "resolved": "https://registry.npmjs.org/@types/phoenix_live_view/-/phoenix_live_view-0.18.4.tgz",
      "integrity": "sha512-9mq6zRZfCtY8f4Kiu9ca0YodlNoL5kPfz6AO8AMIylftoT59re5+l5BxPISt/NJXyj1S/gRJmwpHgyVsyEk8cg==",
      "requires": {
        "@types/phoenix": "*"
      }
    },
    "phoenix_live_view": {
      "version": "0.20.14",
      "resolved": "https://registry.npmjs.org/phoenix_live_view/-/phoenix_live_view-0.20.14.tgz",
      "integrity": "sha512-pk7xX1CjUaoHRE47S0Rq+OdrGrXRHrZZQEaNbRNCAbKjSEAJ9o+sYQ+6nZipTJaIbC0lEGMDWxZzyuQ/6yeHsQ==",
      "dev": true
    }
  }
}
